{
  "object": {
    "pins": [
      {
        "package": "SkyPath",
        "repositoryURL": "https://github.com/Yamasee/skypath-ios-sdk",
        "state": {
          "branch": "feature/spm",
          "revision": "7128def9f3ae2f0d8f045db643174cb44cd351c0",
          "version": null
        }
      }
    ]
  },
  "version": 1
}
