{
  "pins" : [
    {
      "identity" : "skypath-ios-sdk",
      "kind" : "remoteSourceControl",
      "location" : "https://github.com/Yamasee/skypath-ios-sdk",
      "state" : {
        "revision" : "dd563bace95207402079f6646640889cea795171",
        "version" : "2.1.3"
      }
    }
  ],
  "version" : 2
}
