{
  "pins" : [
    {
      "identity" : "skypath-ios-sdk",
      "kind" : "remoteSourceControl",
      "location" : "https://github.com/Yamasee/skypath-ios-sdk",
      "state" : {
        "branch" : "master",
        "revision" : "5e210b6d38b589cf669fb5ee107b5a62d7d3213c"
      }
    }
  ],
  "version" : 2
}
