{
  "pins" : [
    {
      "identity" : "skypath-ios-sdk",
      "kind" : "remoteSourceControl",
      "location" : "https://github.com/Yamasee/skypath-ios-sdk",
      "state" : {
        "branch" : "master",
        "revision" : "9643fe357b9e4f9ab0f23f7854634a3165de308c"
      }
    }
  ],
  "version" : 2
}
