// !$*UTF8*$!
{
	archiveVersion = 1;
	classes = {
	};
	objectVersion = 55;
	objects = {

/* Begin PBXBuildFile section */
		9D374E1927BE517B000DE836 /* AppDelegate.swift in Sources */ = {isa = PBXBuildFile; fileRef = 9D374E1827BE517B000DE836 /* AppDelegate.swift */; };
		9D374E1B27BE517B000DE836 /* SceneDelegate.swift in Sources */ = {isa = PBXBuildFile; fileRef = 9D374E1A27BE517B000DE836 /* SceneDelegate.swift */; };
		9D374E1D27BE517B000DE836 /* ViewController.swift in Sources */ = {isa = PBXBuildFile; fileRef = 9D374E1C27BE517B000DE836 /* ViewController.swift */; };
		9D374E2027BE517B000DE836 /* Main.storyboard in Resources */ = {isa = PBXBuildFile; fileRef = 9D374E1E27BE517B000DE836 /* Main.storyboard */; };
		9D374E2227BE517D000DE836 /* Assets.xcassets in Resources */ = {isa = PBXBuildFile; fileRef = 9D374E2127BE517D000DE836 /* Assets.xcassets */; };
		9D374E2527BE517D000DE836 /* LaunchScreen.storyboard in Resources */ = {isa = PBXBuildFile; fileRef = 9D374E2327BE517D000DE836 /* LaunchScreen.storyboard */; };
		9DA6977A281471170045ECF5 /* MKCoordinateRegion+Ext.swift in Sources */ = {isa = PBXBuildFile; fileRef = 9DA69778281471170045ECF5 /* MKCoordinateRegion+Ext.swift */; };
		9DA6977B281471170045ECF5 /* MKMapView+Ext.swift in Sources */ = {isa = PBXBuildFile; fileRef = 9DA69779281471170045ECF5 /* MKMapView+Ext.swift */; };
		9DDD20762C5B924F0017BA09 /* SkyPathSDK in Frameworks */ = {isa = PBXBuildFile; productRef = 9DDD20752C5B924F0017BA09 /* SkyPathSDK */; };
/* End PBXBuildFile section */

/* Begin PBXCopyFilesBuildPhase section */
		9D374E3127BE59D6000DE836 /* Embed Frameworks */ = {
			isa = PBXCopyFilesBuildPhase;
			buildActionMask = 2147483647;
			dstPath = "";
			dstSubfolderSpec = 10;
			files = (
			);
			name = "Embed Frameworks";
			runOnlyForDeploymentPostprocessing = 0;
		};
/* End PBXCopyFilesBuildPhase section */

/* Begin PBXFileReference section */
		9D374E1527BE517B000DE836 /* Demo.app */ = {isa = PBXFileReference; explicitFileType = wrapper.application; includeInIndex = 0; path = Demo.app; sourceTree = BUILT_PRODUCTS_DIR; };
		9D374E1827BE517B000DE836 /* AppDelegate.swift */ = {isa = PBXFileReference; lastKnownFileType = sourcecode.swift; path = AppDelegate.swift; sourceTree = "<group>"; };
		9D374E1A27BE517B000DE836 /* SceneDelegate.swift */ = {isa = PBXFileReference; lastKnownFileType = sourcecode.swift; path = SceneDelegate.swift; sourceTree = "<group>"; };
		9D374E1C27BE517B000DE836 /* ViewController.swift */ = {isa = PBXFileReference; lastKnownFileType = sourcecode.swift; path = ViewController.swift; sourceTree = "<group>"; };
		9D374E1F27BE517B000DE836 /* Base */ = {isa = PBXFileReference; lastKnownFileType = file.storyboard; name = Base; path = Base.lproj/Main.storyboard; sourceTree = "<group>"; };
		9D374E2127BE517D000DE836 /* Assets.xcassets */ = {isa = PBXFileReference; lastKnownFileType = folder.assetcatalog; path = Assets.xcassets; sourceTree = "<group>"; };
		9D374E2427BE517D000DE836 /* Base */ = {isa = PBXFileReference; lastKnownFileType = file.storyboard; name = Base; path = Base.lproj/LaunchScreen.storyboard; sourceTree = "<group>"; };
		9D374E2627BE517D000DE836 /* Info.plist */ = {isa = PBXFileReference; lastKnownFileType = text.plist.xml; path = Info.plist; sourceTree = "<group>"; };
		9DA69778281471170045ECF5 /* MKCoordinateRegion+Ext.swift */ = {isa = PBXFileReference; fileEncoding = 4; lastKnownFileType = sourcecode.swift; path = "MKCoordinateRegion+Ext.swift"; sourceTree = "<group>"; };
		9DA69779281471170045ECF5 /* MKMapView+Ext.swift */ = {isa = PBXFileReference; fileEncoding = 4; lastKnownFileType = sourcecode.swift; path = "MKMapView+Ext.swift"; sourceTree = "<group>"; };
/* End PBXFileReference section */

/* Begin PBXFrameworksBuildPhase section */
		9D374E1227BE517B000DE836 /* Frameworks */ = {
			isa = PBXFrameworksBuildPhase;
			buildActionMask = 2147483647;
			files = (
				9DDD20762C5B924F0017BA09 /* SkyPathSDK in Frameworks */,
			);
			runOnlyForDeploymentPostprocessing = 0;
		};
/* End PBXFrameworksBuildPhase section */

/* Begin PBXGroup section */
		9D374E0C27BE517B000DE836 = {
			isa = PBXGroup;
			children = (
				9D374E1727BE517B000DE836 /* Demo */,
				9D374E1627BE517B000DE836 /* Products */,
			);
			sourceTree = "<group>";
		};
		9D374E1627BE517B000DE836 /* Products */ = {
			isa = PBXGroup;
			children = (
				9D374E1527BE517B000DE836 /* Demo.app */,
			);
			name = Products;
			sourceTree = "<group>";
		};
		9D374E1727BE517B000DE836 /* Demo */ = {
			isa = PBXGroup;
			children = (
				9DA69777281471170045ECF5 /* Extensions */,
				9D374E1827BE517B000DE836 /* AppDelegate.swift */,
				9D374E1A27BE517B000DE836 /* SceneDelegate.swift */,
				9D374E1C27BE517B000DE836 /* ViewController.swift */,
				9D374E1E27BE517B000DE836 /* Main.storyboard */,
				9D374E2127BE517D000DE836 /* Assets.xcassets */,
				9D374E2327BE517D000DE836 /* LaunchScreen.storyboard */,
				9D374E2627BE517D000DE836 /* Info.plist */,
			);
			path = Demo;
			sourceTree = "<group>";
		};
		9DA69777281471170045ECF5 /* Extensions */ = {
			isa = PBXGroup;
			children = (
				9DA69778281471170045ECF5 /* MKCoordinateRegion+Ext.swift */,
				9DA69779281471170045ECF5 /* MKMapView+Ext.swift */,
			);
			path = Extensions;
			sourceTree = "<group>";
		};
/* End PBXGroup section */

/* Begin PBXNativeTarget section */
		9D374E1427BE517B000DE836 /* Demo */ = {
			isa = PBXNativeTarget;
			buildConfigurationList = 9D374E2927BE517D000DE836 /* Build configuration list for PBXNativeTarget "Demo" */;
			buildPhases = (
				9D374E1127BE517B000DE836 /* Sources */,
				9D374E1227BE517B000DE836 /* Frameworks */,
				9D374E1327BE517B000DE836 /* Resources */,
				9D374E3127BE59D6000DE836 /* Embed Frameworks */,
			);
			buildRules = (
			);
			dependencies = (
				9D17D1992C3EC956001FC4CD /* PBXTargetDependency */,
			);
			name = Demo;
			packageProductDependencies = (
				9DDD20752C5B924F0017BA09 /* SkyPathSDK */,
			);
			productName = Demo;
			productReference = 9D374E1527BE517B000DE836 /* Demo.app */;
			productType = "com.apple.product-type.application";
		};
/* End PBXNativeTarget section */

/* Begin PBXProject section */
		9D374E0D27BE517B000DE836 /* Project object */ = {
			isa = PBXProject;
			attributes = {
				BuildIndependentTargetsInParallel = 1;
				LastSwiftUpdateCheck = 1320;
				LastUpgradeCheck = 1320;
				TargetAttributes = {
					9D374E1427BE517B000DE836 = {
						CreatedOnToolsVersion = 13.2.1;
					};
				};
			};
			buildConfigurationList = 9D374E1027BE517B000DE836 /* Build configuration list for PBXProject "DemoSPM" */;
			compatibilityVersion = "Xcode 13.0";
			developmentRegion = en;
			hasScannedForEncodings = 0;
			knownRegions = (
				en,
				Base,
			);
			mainGroup = 9D374E0C27BE517B000DE836;
			packageReferences = (
				9DDD20742C5B924F0017BA09 /* XCRemoteSwiftPackageReference "skypath-ios-sdk" */,
			);
			productRefGroup = 9D374E1627BE517B000DE836 /* Products */;
			projectDirPath = "";
			projectRoot = "";
			targets = (
				9D374E1427BE517B000DE836 /* Demo */,
			);
		};
/* End PBXProject section */

/* Begin PBXResourcesBuildPhase section */
		9D374E1327BE517B000DE836 /* Resources */ = {
			isa = PBXResourcesBuildPhase;
			buildActionMask = 2147483647;
			files = (
				9D374E2527BE517D000DE836 /* LaunchScreen.storyboard in Resources */,
				9D374E2227BE517D000DE836 /* Assets.xcassets in Resources */,
				9D374E2027BE517B000DE836 /* Main.storyboard in Resources */,
			);
			runOnlyForDeploymentPostprocessing = 0;
		};
/* End PBXResourcesBuildPhase section */

/* Begin PBXSourcesBuildPhase section */
		9D374E1127BE517B000DE836 /* Sources */ = {
			isa = PBXSourcesBuildPhase;
			buildActionMask = 2147483647;
			files = (
				9D374E1D27BE517B000DE836 /* ViewController.swift in Sources */,
				9D374E1927BE517B000DE836 /* AppDelegate.swift in Sources */,
				9DA6977B281471170045ECF5 /* MKMapView+Ext.swift in Sources */,
				9D374E1B27BE517B000DE836 /* SceneDelegate.swift in Sources */,
				9DA6977A281471170045ECF5 /* MKCoordinateRegion+Ext.swift in Sources */,
			);
			runOnlyForDeploymentPostprocessing = 0;
		};
/* End PBXSourcesBuildPhase section */

/* Begin PBXTargetDependency section */
		9D17D1992C3EC956001FC4CD /* PBXTargetDependency */ = {
			isa = PBXTargetDependency;
			productRef = 9D17D1982C3EC956001FC4CD /* SkyPathSDK */;
		};
/* End PBXTargetDependency section */

/* Begin PBXVariantGroup section */
		9D374E1E27BE517B000DE836 /* Main.storyboard */ = {
			isa = PBXVariantGroup;
			children = (
				9D374E1F27BE517B000DE836 /* Base */,
			);
			name = Main.storyboard;
			sourceTree = "<group>";
		};
		9D374E2327BE517D000DE836 /* LaunchScreen.storyboard */ = {
			isa = PBXVariantGroup;
			children = (
				9D374E2427BE517D000DE836 /* Base */,
			);
			name = LaunchScreen.storyboard;
			sourceTree = "<group>";
		};
/* End PBXVariantGroup section */

/* Begin XCBuildConfiguration section */
		9D374E2727BE517D000DE836 /* Debug */ = {
			isa = XCBuildConfiguration;
			buildSettings = {
				ALWAYS_SEARCH_USER_PATHS = NO;
				CLANG_ANALYZER_NONNULL = YES;
				CLANG_ANALYZER_NUMBER_OBJECT_CONVERSION = YES_AGGRESSIVE;
				CLANG_CXX_LANGUAGE_STANDARD = "gnu++17";
				CLANG_CXX_LIBRARY = "libc++";
				CLANG_ENABLE_MODULES = YES;
				CLANG_ENABLE_OBJC_ARC = YES;
				CLANG_ENABLE_OBJC_WEAK = YES;
				CLANG_WARN_BLOCK_CAPTURE_AUTORELEASING = YES;
				CLANG_WARN_BOOL_CONVERSION = YES;
				CLANG_WARN_COMMA = YES;
				CLANG_WARN_CONSTANT_CONVERSION = YES;
				CLANG_WARN_DEPRECATED_OBJC_IMPLEMENTATIONS = YES;
				CLANG_WARN_DIRECT_OBJC_ISA_USAGE = YES_ERROR;
				CLANG_WARN_DOCUMENTATION_COMMENTS = YES;
				CLANG_WARN_EMPTY_BODY = YES;
				CLANG_WARN_ENUM_CONVERSION = YES;
				CLANG_WARN_INFINITE_RECURSION = YES;
				CLANG_WARN_INT_CONVERSION = YES;
				CLANG_WARN_NON_LITERAL_NULL_CONVERSION = YES;
				CLANG_WARN_OBJC_IMPLICIT_RETAIN_SELF = YES;
				CLANG_WARN_OBJC_LITERAL_CONVERSION = YES;
				CLANG_WARN_OBJC_ROOT_CLASS = YES_ERROR;
				CLANG_WARN_QUOTED_INCLUDE_IN_FRAMEWORK_HEADER = YES;
				CLANG_WARN_RANGE_LOOP_ANALYSIS = YES;
				CLANG_WARN_STRICT_PROTOTYPES = YES;
				CLANG_WARN_SUSPICIOUS_MOVE = YES;
				CLANG_WARN_UNGUARDED_AVAILABILITY = YES_AGGRESSIVE;
				CLANG_WARN_UNREACHABLE_CODE = YES;
				CLANG_WARN__DUPLICATE_METHOD_MATCH = YES;
				COPY_PHASE_STRIP = NO;
				DEBUG_INFORMATION_FORMAT = dwarf;
				ENABLE_STRICT_OBJC_MSGSEND = YES;
				ENABLE_TESTABILITY = YES;
				GCC_C_LANGUAGE_STANDARD = gnu11;
				GCC_DYNAMIC_NO_PIC = NO;
				GCC_NO_COMMON_BLOCKS = YES;
				GCC_OPTIMIZATION_LEVEL = 0;
				GCC_PREPROCESSOR_DEFINITIONS = (
					"DEBUG=1",
					"$(inherited)",
				);
				GCC_WARN_64_TO_32_BIT_CONVERSION = YES;
				GCC_WARN_ABOUT_RETURN_TYPE = YES_ERROR;
				GCC_WARN_UNDECLARED_SELECTOR = YES;
				GCC_WARN_UNINITIALIZED_AUTOS = YES_AGGRESSIVE;
				GCC_WARN_UNUSED_FUNCTION = YES;
				GCC_WARN_UNUSED_VARIABLE = YES;
				IPHONEOS_DEPLOYMENT_TARGET = 15.2;
				MTL_ENABLE_DEBUG_INFO = INCLUDE_SOURCE;
				MTL_FAST_MATH = YES;
				ONLY_ACTIVE_ARCH = YES;
				SDKROOT = iphoneos;
				SWIFT_ACTIVE_COMPILATION_CONDITIONS = DEBUG;
				SWIFT_OPTIMIZATION_LEVEL = "-Onone";
			};
			name = Debug;
		};
		9D374E2827BE517D000DE836 /* Release */ = {
			isa = XCBuildConfiguration;
			buildSettings = {
				ALWAYS_SEARCH_USER_PATHS = NO;
				CLANG_ANALYZER_NONNULL = YES;
				CLANG_ANALYZER_NUMBER_OBJECT_CONVERSION = YES_AGGRESSIVE;
				CLANG_CXX_LANGUAGE_STANDARD = "gnu++17";
				CLANG_CXX_LIBRARY = "libc++";
				CLANG_ENABLE_MODULES = YES;
				CLANG_ENABLE_OBJC_ARC = YES;
				CLANG_ENABLE_OBJC_WEAK = YES;
				CLANG_WARN_BLOCK_CAPTURE_AUTORELEASING = YES;
				CLANG_WARN_BOOL_CONVERSION = YES;
				CLANG_WARN_COMMA = YES;
				CLANG_WARN_CONSTANT_CONVERSION = YES;
				CLANG_WARN_DEPRECATED_OBJC_IMPLEMENTATIONS = YES;
				CLANG_WARN_DIRECT_OBJC_ISA_USAGE = YES_ERROR;
				CLANG_WARN_DOCUMENTATION_COMMENTS = YES;
				CLANG_WARN_EMPTY_BODY = YES;
				CLANG_WARN_ENUM_CONVERSION = YES;
				CLANG_WARN_INFINITE_RECURSION = YES;
				CLANG_WARN_INT_CONVERSION = YES;
				CLANG_WARN_NON_LITERAL_NULL_CONVERSION = YES;
				CLANG_WARN_OBJC_IMPLICIT_RETAIN_SELF = YES;
				CLANG_WARN_OBJC_LITERAL_CONVERSION = YES;
				CLANG_WARN_OBJC_ROOT_CLASS = YES_ERROR;
				CLANG_WARN_QUOTED_INCLUDE_IN_FRAMEWORK_HEADER = YES;
				CLANG_WARN_RANGE_LOOP_ANALYSIS = YES;
				CLANG_WARN_STRICT_PROTOTYPES = YES;
				CLANG_WARN_SUSPICIOUS_MOVE = YES;
				CLANG_WARN_UNGUARDED_AVAILABILITY = YES_AGGRESSIVE;
				CLANG_WARN_UNREACHABLE_CODE = YES;
				CLANG_WARN__DUPLICATE_METHOD_MATCH = YES;
				COPY_PHASE_STRIP = NO;
				DEBUG_INFORMATION_FORMAT = "dwarf-with-dsym";
				ENABLE_NS_ASSERTIONS = NO;
				ENABLE_STRICT_OBJC_MSGSEND = YES;
				GCC_C_LANGUAGE_STANDARD = gnu11;
				GCC_NO_COMMON_BLOCKS = YES;
				GCC_WARN_64_TO_32_BIT_CONVERSION = YES;
				GCC_WARN_ABOUT_RETURN_TYPE = YES_ERROR;
				GCC_WARN_UNDECLARED_SELECTOR = YES;
				GCC_WARN_UNINITIALIZED_AUTOS = YES_AGGRESSIVE;
				GCC_WARN_UNUSED_FUNCTION = YES;
				GCC_WARN_UNUSED_VARIABLE = YES;
				IPHONEOS_DEPLOYMENT_TARGET = 15.2;
				MTL_ENABLE_DEBUG_INFO = NO;
				MTL_FAST_MATH = YES;
				SDKROOT = iphoneos;
				SWIFT_COMPILATION_MODE = wholemodule;
				SWIFT_OPTIMIZATION_LEVEL = "-O";
				VALIDATE_PRODUCT = YES;
			};
			name = Release;
		};
		9D374E2A27BE517D000DE836 /* Debug */ = {
			isa = XCBuildConfiguration;
			buildSettings = {
				ASSETCATALOG_COMPILER_APPICON_NAME = AppIcon;
				ASSETCATALOG_COMPILER_GLOBAL_ACCENT_COLOR_NAME = AccentColor;
				CODE_SIGN_STYLE = Automatic;
				CURRENT_PROJECT_VERSION = 1;
				DEVELOPMENT_TEAM = KHHS9DZ583;
				GENERATE_INFOPLIST_FILE = YES;
				INFOPLIST_FILE = Demo/Info.plist;
				INFOPLIST_KEY_CFBundleDisplayName = "SDK Demo";
				INFOPLIST_KEY_UIApplicationSupportsIndirectInputEvents = YES;
				INFOPLIST_KEY_UILaunchStoryboardName = LaunchScreen;
				INFOPLIST_KEY_UIMainStoryboardFile = Main;
				INFOPLIST_KEY_UISupportedInterfaceOrientations_iPad = "UIInterfaceOrientationPortrait UIInterfaceOrientationPortraitUpsideDown UIInterfaceOrientationLandscapeLeft UIInterfaceOrientationLandscapeRight";
				INFOPLIST_KEY_UISupportedInterfaceOrientations_iPhone = "UIInterfaceOrientationPortrait UIInterfaceOrientationLandscapeLeft UIInterfaceOrientationLandscapeRight";
				IPHONEOS_DEPLOYMENT_TARGET = 14.0;
				LD_RUNPATH_SEARCH_PATHS = (
					"$(inherited)",
					"@executable_path/Frameworks",
				);
				MARKETING_VERSION = 1.0;
				PRODUCT_BUNDLE_IDENTIFIER = app.skypath.demo;
				PRODUCT_NAME = "$(TARGET_NAME)";
				SWIFT_EMIT_LOC_STRINGS = YES;
				SWIFT_VERSION = 5.0;
				TARGETED_DEVICE_FAMILY = "1,2";
			};
			name = Debug;
		};
		9D374E2B27BE517D000DE836 /* Release */ = {
			isa = XCBuildConfiguration;
			buildSettings = {
				ASSETCATALOG_COMPILER_APPICON_NAME = AppIcon;
				ASSETCATALOG_COMPILER_GLOBAL_ACCENT_COLOR_NAME = AccentColor;
				CODE_SIGN_STYLE = Automatic;
				CURRENT_PROJECT_VERSION = 1;
				DEVELOPMENT_TEAM = KHHS9DZ583;
				GENERATE_INFOPLIST_FILE = YES;
				INFOPLIST_FILE = Demo/Info.plist;
				INFOPLIST_KEY_CFBundleDisplayName = "SDK Demo";
				INFOPLIST_KEY_UIApplicationSupportsIndirectInputEvents = YES;
				INFOPLIST_KEY_UILaunchStoryboardName = LaunchScreen;
				INFOPLIST_KEY_UIMainStoryboardFile = Main;
				INFOPLIST_KEY_UISupportedInterfaceOrientations_iPad = "UIInterfaceOrientationPortrait UIInterfaceOrientationPortraitUpsideDown UIInterfaceOrientationLandscapeLeft UIInterfaceOrientationLandscapeRight";
				INFOPLIST_KEY_UISupportedInterfaceOrientations_iPhone = "UIInterfaceOrientationPortrait UIInterfaceOrientationLandscapeLeft UIInterfaceOrientationLandscapeRight";
				IPHONEOS_DEPLOYMENT_TARGET = 14.0;
				LD_RUNPATH_SEARCH_PATHS = (
					"$(inherited)",
					"@executable_path/Frameworks",
				);
				MARKETING_VERSION = 1.0;
				PRODUCT_BUNDLE_IDENTIFIER = app.skypath.demo;
				PRODUCT_NAME = "$(TARGET_NAME)";
				SWIFT_EMIT_LOC_STRINGS = YES;
				SWIFT_VERSION = 5.0;
				TARGETED_DEVICE_FAMILY = "1,2";
			};
			name = Release;
		};
/* End XCBuildConfiguration section */

/* Begin XCConfigurationList section */
		9D374E1027BE517B000DE836 /* Build configuration list for PBXProject "DemoSPM" */ = {
			isa = XCConfigurationList;
			buildConfigurations = (
				9D374E2727BE517D000DE836 /* Debug */,
				9D374E2827BE517D000DE836 /* Release */,
			);
			defaultConfigurationIsVisible = 0;
			defaultConfigurationName = Release;
		};
		9D374E2927BE517D000DE836 /* Build configuration list for PBXNativeTarget "Demo" */ = {
			isa = XCConfigurationList;
			buildConfigurations = (
				9D374E2A27BE517D000DE836 /* Debug */,
				9D374E2B27BE517D000DE836 /* Release */,
			);
			defaultConfigurationIsVisible = 0;
			defaultConfigurationName = Release;
		};
/* End XCConfigurationList section */

/* Begin XCRemoteSwiftPackageReference section */
		9DDD20742C5B924F0017BA09 /* XCRemoteSwiftPackageReference "skypath-ios-sdk" */ = {
			isa = XCRemoteSwiftPackageReference;
			repositoryURL = "https://github.com/Yamasee/skypath-ios-sdk";
			requirement = {
				kind = upToNextMajorVersion;
				minimumVersion = 2.2.5;
			};
		};
		9DE15A992C3EC22F00D50678 /* XCRemoteSwiftPackageReference "skypath-ios-sdk" */ = {
			isa = XCRemoteSwiftPackageReference;
			repositoryURL = "https://github.com/Yamasee/skypath-ios-sdk";
			requirement = {
				kind = upToNextMajorVersion;
				minimumVersion = 2.2.2;
			};
		};
/* End XCRemoteSwiftPackageReference section */

/* Begin XCSwiftPackageProductDependency section */
		9D17D1982C3EC956001FC4CD /* SkyPathSDK */ = {
			isa = XCSwiftPackageProductDependency;
			package = 9DE15A992C3EC22F00D50678 /* XCRemoteSwiftPackageReference "skypath-ios-sdk" */;
			productName = SkyPathSDK;
		};
		9DDD20752C5B924F0017BA09 /* SkyPathSDK */ = {
			isa = XCSwiftPackageProductDependency;
			package = 9DDD20742C5B924F0017BA09 /* XCRemoteSwiftPackageReference "skypath-ios-sdk" */;
			productName = SkyPathSDK;
		};
/* End XCSwiftPackageProductDependency section */
	};
	rootObject = 9D374E0D27BE517B000DE836 /* Project object */;
}
