PODS:
  - SkyPath (1.11.1)

DEPENDENCIES:
  - SkyPath (from `https://github.com/Yamasee/skypath-ios-sdk.git`, branch `release/v2.0-beta1`)

EXTERNAL SOURCES:
  SkyPath:
    :branch: release/v2.0-beta1
    :git: https://github.com/Yamasee/skypath-ios-sdk.git

CHECKOUT OPTIONS:
  SkyPath:
    :commit: c84c77853774572938b05b34233752cbde57c0c0
    :git: https://github.com/Yamasee/skypath-ios-sdk.git

SPEC CHECKSUMS:
  SkyPath: b8edbe775ea4204bfa49a9bc6a6b0153783b1a3b

PODFILE CHECKSUM: a3918a73f5e5ce922e62cbac2c3c2ee3f4f591ea

COCOAPODS: 1.11.2
