PODS:
  - geos (8.1.0)
  - SkyPath (2.2.1):
    - geos (~> 8.1)

DEPENDENCIES:
  - SkyPath

SPEC REPOS:
  trunk:
    - geos
    - SkyPath

SPEC CHECKSUMS:
  geos: 77bd6e234c85158da818363640369f68f5f61898
  SkyPath: bcd4dbcf556526d553c0ff1ca5ec6125c681b5fc

PODFILE CHECKSUM: 06f06e969a942d128e5a41ad56ff11783b1831cc

COCOAPODS: 1.15.2
